{
  "resolved": {
    "data_api": {
      "source": "modrinth",
      "project": "ZS3lIxKu",
      "version": "1.8.5",
      "asset_name": "data_api.zip",
      "download_url": "https://cdn.modrinth.com/data/ZS3lIxKu/versions/dtMspp4A/data_api.zip?mr_download_reason=standalone",
      "sha256": null
    }
  }
}
